
Microsoft Visual Studio Solution File, Format Version 12.00
# Visual Studio Version 17
VisualStudioVersion = 17.10.34928.147
MinimumVisualStudioVersion = 10.0.40219.1
Project("{FAE04EC0-301F-11D3-BF4B-00C04F79EFBC}") = "Monopoly", "Monopoly.csproj", "{CDA0428A-70C9-4044-A55B-102EB6488A54}"
EndProject
Global
	GlobalSection(SolutionConfigurationPlatforms) = preSolution
		Debug|Any CPU = Debug|Any CPU
		Release|Any CPU = Release|Any CPU
	EndGlobalSection
	GlobalSection(ProjectConfigurationPlatforms) = postSolution
		{CDA0428A-70C9-4044-A55B-102EB6488A54}.Debug|Any CPU.ActiveCfg = Debug|Any CPU
		{CDA0428A-70C9-4044-A55B-102EB6488A54}.Debug|Any CPU.Build.0 = Debug|Any CPU
		{CDA0428A-70C9-4044-A55B-102EB6488A54}.Release|Any CPU.ActiveCfg = Release|Any CPU
		{CDA0428A-70C9-4044-A55B-102EB6488A54}.Release|Any CPU.Build.0 = Release|Any CPU
	EndGlobalSection
	GlobalSection(SolutionProperties) = preSolution
		HideSolutionNode = FALSE
	EndGlobalSection
	GlobalSection(ExtensibilityGlobals) = postSolution
		SolutionGuid = {40FB8E2E-E8DE-44EE-8FA5-5B8C4F2E1CB6}
	EndGlobalSection
EndGlobal
